
Microsoft Visual Studio Solution File, Format Version 12.00
Project("{FAE04EC0-301F-11D3-BF4B-00C04F79EFBC}") = "Exe01", "Exe01\Exe01.csproj", "{A1A7F875-2444-4FE2-BFD9-C67ED0832467}"
EndProject
Project("{FAE04EC0-301F-11D3-BF4B-00C04F79EFBC}") = "Exe02", "Exe02\Exe02.csproj", "{C92A91B1-2DD1-4A30-A388-28CBABF6F588}"
EndProject
Project("{FAE04EC0-301F-11D3-BF4B-00C04F79EFBC}") = "Exe03", "Exe03\Exe03.csproj", "{28AB1062-0D0F-4619-9EBC-B81C2E1EAF05}"
EndProject
Project("{FAE04EC0-301F-11D3-BF4B-00C04F79EFBC}") = "Exe04", "Exe04\Exe04.csproj", "{98166224-9A94-4CBD-9A0B-C6B31FE69C9A}"
EndProject
Project("{FAE04EC0-301F-11D3-BF4B-00C04F79EFBC}") = "Exe05", "Exe05\Exe05.csproj", "{99E9CEB7-5E07-40C0-91F1-89EE8F5A606D}"
EndProject
Project("{FAE04EC0-301F-11D3-BF4B-00C04F79EFBC}") = "Exe06", "Exe06\Exe06.csproj", "{A53561D3-3AA7-4C32-BABC-EBBAA52D482A}"
EndProject
Project("{FAE04EC0-301F-11D3-BF4B-00C04F79EFBC}") = "Exe07", "Exe07\Exe07.csproj", "{1B9126BC-4934-4F02-8E67-93C569F0D1E9}"
EndProject
Project("{FAE04EC0-301F-11D3-BF4B-00C04F79EFBC}") = "Exe08", "Exe08\Exe08.csproj", "{B1294A01-A7F7-47A6-B87A-6B3BDB492328}"
EndProject
Project("{FAE04EC0-301F-11D3-BF4B-00C04F79EFBC}") = "Exe09", "Exe09\Exe09.csproj", "{19175411-F4D5-408D-B614-301FCF0A5432}"
EndProject
Project("{FAE04EC0-301F-11D3-BF4B-00C04F79EFBC}") = "Exe10", "Exe10\Exe10.csproj", "{8FFCDE7B-F9BC-460F-A851-A1AE3437C668}"
EndProject
Project("{FAE04EC0-301F-11D3-BF4B-00C04F79EFBC}") = "Exe11", "Exe11\Exe11.csproj", "{22BA347A-16EB-4FD4-AB81-DB7641E2A559}"
EndProject
Project("{FAE04EC0-301F-11D3-BF4B-00C04F79EFBC}") = "Exe12", "Exe12\Exe12.csproj", "{E6F04A2A-422D-40E5-B2A9-F6D3B0C67F92}"
EndProject
Project("{FAE04EC0-301F-11D3-BF4B-00C04F79EFBC}") = "Exe13", "Exe13\Exe13.csproj", "{769C871B-7886-4C24-82D4-F1FA9D6E3C6D}"
EndProject
Project("{FAE04EC0-301F-11D3-BF4B-00C04F79EFBC}") = "Exe14", "Exe14\Exe14.csproj", "{907864CB-4AAD-4A75-85FA-E0292D64202B}"
EndProject
Project("{FAE04EC0-301F-11D3-BF4B-00C04F79EFBC}") = "Exe15", "Exe15\Exe15.csproj", "{8B2AEFEF-D908-472F-A4EE-43B8F2437D2A}"
EndProject
Global
	GlobalSection(SolutionConfigurationPlatforms) = preSolution
		Debug|Any CPU = Debug|Any CPU
		Release|Any CPU = Release|Any CPU
	EndGlobalSection
	GlobalSection(ProjectConfigurationPlatforms) = postSolution
		{A1A7F875-2444-4FE2-BFD9-C67ED0832467}.Debug|Any CPU.ActiveCfg = Debug|Any CPU
		{A1A7F875-2444-4FE2-BFD9-C67ED0832467}.Debug|Any CPU.Build.0 = Debug|Any CPU
		{A1A7F875-2444-4FE2-BFD9-C67ED0832467}.Release|Any CPU.ActiveCfg = Release|Any CPU
		{A1A7F875-2444-4FE2-BFD9-C67ED0832467}.Release|Any CPU.Build.0 = Release|Any CPU
		{C92A91B1-2DD1-4A30-A388-28CBABF6F588}.Debug|Any CPU.ActiveCfg = Debug|Any CPU
		{C92A91B1-2DD1-4A30-A388-28CBABF6F588}.Debug|Any CPU.Build.0 = Debug|Any CPU
		{C92A91B1-2DD1-4A30-A388-28CBABF6F588}.Release|Any CPU.ActiveCfg = Release|Any CPU
		{C92A91B1-2DD1-4A30-A388-28CBABF6F588}.Release|Any CPU.Build.0 = Release|Any CPU
		{28AB1062-0D0F-4619-9EBC-B81C2E1EAF05}.Debug|Any CPU.ActiveCfg = Debug|Any CPU
		{28AB1062-0D0F-4619-9EBC-B81C2E1EAF05}.Debug|Any CPU.Build.0 = Debug|Any CPU
		{28AB1062-0D0F-4619-9EBC-B81C2E1EAF05}.Release|Any CPU.ActiveCfg = Release|Any CPU
		{28AB1062-0D0F-4619-9EBC-B81C2E1EAF05}.Release|Any CPU.Build.0 = Release|Any CPU
		{98166224-9A94-4CBD-9A0B-C6B31FE69C9A}.Debug|Any CPU.ActiveCfg = Debug|Any CPU
		{98166224-9A94-4CBD-9A0B-C6B31FE69C9A}.Debug|Any CPU.Build.0 = Debug|Any CPU
		{98166224-9A94-4CBD-9A0B-C6B31FE69C9A}.Release|Any CPU.ActiveCfg = Release|Any CPU
		{98166224-9A94-4CBD-9A0B-C6B31FE69C9A}.Release|Any CPU.Build.0 = Release|Any CPU
		{99E9CEB7-5E07-40C0-91F1-89EE8F5A606D}.Debug|Any CPU.ActiveCfg = Debug|Any CPU
		{99E9CEB7-5E07-40C0-91F1-89EE8F5A606D}.Debug|Any CPU.Build.0 = Debug|Any CPU
		{99E9CEB7-5E07-40C0-91F1-89EE8F5A606D}.Release|Any CPU.ActiveCfg = Release|Any CPU
		{99E9CEB7-5E07-40C0-91F1-89EE8F5A606D}.Release|Any CPU.Build.0 = Release|Any CPU
		{A53561D3-3AA7-4C32-BABC-EBBAA52D482A}.Debug|Any CPU.ActiveCfg = Debug|Any CPU
		{A53561D3-3AA7-4C32-BABC-EBBAA52D482A}.Debug|Any CPU.Build.0 = Debug|Any CPU
		{A53561D3-3AA7-4C32-BABC-EBBAA52D482A}.Release|Any CPU.ActiveCfg = Release|Any CPU
		{A53561D3-3AA7-4C32-BABC-EBBAA52D482A}.Release|Any CPU.Build.0 = Release|Any CPU
		{1B9126BC-4934-4F02-8E67-93C569F0D1E9}.Debug|Any CPU.ActiveCfg = Debug|Any CPU
		{1B9126BC-4934-4F02-8E67-93C569F0D1E9}.Debug|Any CPU.Build.0 = Debug|Any CPU
		{1B9126BC-4934-4F02-8E67-93C569F0D1E9}.Release|Any CPU.ActiveCfg = Release|Any CPU
		{1B9126BC-4934-4F02-8E67-93C569F0D1E9}.Release|Any CPU.Build.0 = Release|Any CPU
		{B1294A01-A7F7-47A6-B87A-6B3BDB492328}.Debug|Any CPU.ActiveCfg = Debug|Any CPU
		{B1294A01-A7F7-47A6-B87A-6B3BDB492328}.Debug|Any CPU.Build.0 = Debug|Any CPU
		{B1294A01-A7F7-47A6-B87A-6B3BDB492328}.Release|Any CPU.ActiveCfg = Release|Any CPU
		{B1294A01-A7F7-47A6-B87A-6B3BDB492328}.Release|Any CPU.Build.0 = Release|Any CPU
		{19175411-F4D5-408D-B614-301FCF0A5432}.Debug|Any CPU.ActiveCfg = Debug|Any CPU
		{19175411-F4D5-408D-B614-301FCF0A5432}.Debug|Any CPU.Build.0 = Debug|Any CPU
		{19175411-F4D5-408D-B614-301FCF0A5432}.Release|Any CPU.ActiveCfg = Release|Any CPU
		{19175411-F4D5-408D-B614-301FCF0A5432}.Release|Any CPU.Build.0 = Release|Any CPU
		{8FFCDE7B-F9BC-460F-A851-A1AE3437C668}.Debug|Any CPU.ActiveCfg = Debug|Any CPU
		{8FFCDE7B-F9BC-460F-A851-A1AE3437C668}.Debug|Any CPU.Build.0 = Debug|Any CPU
		{8FFCDE7B-F9BC-460F-A851-A1AE3437C668}.Release|Any CPU.ActiveCfg = Release|Any CPU
		{8FFCDE7B-F9BC-460F-A851-A1AE3437C668}.Release|Any CPU.Build.0 = Release|Any CPU
		{22BA347A-16EB-4FD4-AB81-DB7641E2A559}.Debug|Any CPU.ActiveCfg = Debug|Any CPU
		{22BA347A-16EB-4FD4-AB81-DB7641E2A559}.Debug|Any CPU.Build.0 = Debug|Any CPU
		{22BA347A-16EB-4FD4-AB81-DB7641E2A559}.Release|Any CPU.ActiveCfg = Release|Any CPU
		{22BA347A-16EB-4FD4-AB81-DB7641E2A559}.Release|Any CPU.Build.0 = Release|Any CPU
		{E6F04A2A-422D-40E5-B2A9-F6D3B0C67F92}.Debug|Any CPU.ActiveCfg = Debug|Any CPU
		{E6F04A2A-422D-40E5-B2A9-F6D3B0C67F92}.Debug|Any CPU.Build.0 = Debug|Any CPU
		{E6F04A2A-422D-40E5-B2A9-F6D3B0C67F92}.Release|Any CPU.ActiveCfg = Release|Any CPU
		{E6F04A2A-422D-40E5-B2A9-F6D3B0C67F92}.Release|Any CPU.Build.0 = Release|Any CPU
		{769C871B-7886-4C24-82D4-F1FA9D6E3C6D}.Debug|Any CPU.ActiveCfg = Debug|Any CPU
		{769C871B-7886-4C24-82D4-F1FA9D6E3C6D}.Debug|Any CPU.Build.0 = Debug|Any CPU
		{769C871B-7886-4C24-82D4-F1FA9D6E3C6D}.Release|Any CPU.ActiveCfg = Release|Any CPU
		{769C871B-7886-4C24-82D4-F1FA9D6E3C6D}.Release|Any CPU.Build.0 = Release|Any CPU
		{907864CB-4AAD-4A75-85FA-E0292D64202B}.Debug|Any CPU.ActiveCfg = Debug|Any CPU
		{907864CB-4AAD-4A75-85FA-E0292D64202B}.Debug|Any CPU.Build.0 = Debug|Any CPU
		{907864CB-4AAD-4A75-85FA-E0292D64202B}.Release|Any CPU.ActiveCfg = Release|Any CPU
		{907864CB-4AAD-4A75-85FA-E0292D64202B}.Release|Any CPU.Build.0 = Release|Any CPU
		{8B2AEFEF-D908-472F-A4EE-43B8F2437D2A}.Debug|Any CPU.ActiveCfg = Debug|Any CPU
		{8B2AEFEF-D908-472F-A4EE-43B8F2437D2A}.Debug|Any CPU.Build.0 = Debug|Any CPU
		{8B2AEFEF-D908-472F-A4EE-43B8F2437D2A}.Release|Any CPU.ActiveCfg = Release|Any CPU
		{8B2AEFEF-D908-472F-A4EE-43B8F2437D2A}.Release|Any CPU.Build.0 = Release|Any CPU
	EndGlobalSection
EndGlobal
